
Microsoft Visual Studio Solution File, Format Version 12.00
# Visual Studio Version 17
VisualStudioVersion = 17.13.35825.156 d17.13
MinimumVisualStudioVersion = 10.0.40219.1
Project("{FAE04EC0-301F-11D3-BF4B-00C04F79EFBC}") = "JwtAuthApi", "JwtAuthApi\JwtAuthApi.csproj", "{F5EDADD2-3204-438A-87A2-A584C59977D2}"
EndProject
Global
	GlobalSection(SolutionConfigurationPlatforms) = preSolution
		Debug|Any CPU = Debug|Any CPU
		Release|Any CPU = Release|Any CPU
	EndGlobalSection
	GlobalSection(ProjectConfigurationPlatforms) = postSolution
		{F5EDADD2-3204-438A-87A2-A584C59977D2}.Debug|Any CPU.ActiveCfg = Debug|Any CPU
		{F5EDADD2-3204-438A-87A2-A584C59977D2}.Debug|Any CPU.Build.0 = Debug|Any CPU
		{F5EDADD2-3204-438A-87A2-A584C59977D2}.Release|Any CPU.ActiveCfg = Release|Any CPU
		{F5EDADD2-3204-438A-87A2-A584C59977D2}.Release|Any CPU.Build.0 = Release|Any CPU
	EndGlobalSection
	GlobalSection(SolutionProperties) = preSolution
		HideSolutionNode = FALSE
	EndGlobalSection
	GlobalSection(ExtensibilityGlobals) = postSolution
		SolutionGuid = {A44DA99A-1644-4FB7-B215-B697FAE5D168}
	EndGlobalSection
EndGlobal
